// !$*UTF8*$!
{
	archiveVersion = 1;
	classes = {
	};
	objectVersion = 46;
	objects = {

/* Begin PBXBuildFile section */
		151E40171946F2ED005219AF /* Foundation.framework in Frameworks */ = {isa = PBXBuildFile; fileRef = 151E40161946F2ED005219AF /* Foundation.framework */; };
		151E40191946F2ED005219AF /* CoreGraphics.framework in Frameworks */ = {isa = PBXBuildFile; fileRef = 151E40181946F2ED005219AF /* CoreGraphics.framework */; };
		151E401B1946F2ED005219AF /* UIKit.framework in Frameworks */ = {isa = PBXBuildFile; fileRef = 151E401A1946F2ED005219AF /* UIKit.framework */; };
		151E40211946F2ED005219AF /* InfoPlist.strings in Resources */ = {isa = PBXBuildFile; fileRef = 151E401F1946F2ED005219AF /* InfoPlist.strings */; };
		151E40231946F2ED005219AF /* main.m in Sources */ = {isa = PBXBuildFile; fileRef = 151E40221946F2ED005219AF /* main.m */; };
		151E40271946F2ED005219AF /* AppDelegate.m in Sources */ = {isa = PBXBuildFile; fileRef = 151E40261946F2ED005219AF /* AppDelegate.m */; };
		151E402A1946F2ED005219AF /* Main_iPhone.storyboard in Resources */ = {isa = PBXBuildFile; fileRef = 151E40281946F2ED005219AF /* Main_iPhone.storyboard */; };
		151E402D1946F2ED005219AF /* Main_iPad.storyboard in Resources */ = {isa = PBXBuildFile; fileRef = 151E402B1946F2ED005219AF /* Main_iPad.storyboard */; };
		151E40301946F2ED005219AF /* ViewController.m in Sources */ = {isa = PBXBuildFile; fileRef = 151E402F1946F2ED005219AF /* ViewController.m */; };
		151E40321946F2ED005219AF /* Images.xcassets in Resources */ = {isa = PBXBuildFile; fileRef = 151E40311946F2ED005219AF /* Images.xcassets */; };
		151E40391946F2ED005219AF /* XCTest.framework in Frameworks */ = {isa = PBXBuildFile; fileRef = 151E40381946F2ED005219AF /* XCTest.framework */; };
		151E403A1946F2ED005219AF /* Foundation.framework in Frameworks */ = {isa = PBXBuildFile; fileRef = 151E40161946F2ED005219AF /* Foundation.framework */; };
		151E403B1946F2ED005219AF /* UIKit.framework in Frameworks */ = {isa = PBXBuildFile; fileRef = 151E401A1946F2ED005219AF /* UIKit.framework */; };
		151E40431946F2ED005219AF /* InfoPlist.strings in Resources */ = {isa = PBXBuildFile; fileRef = 151E40411946F2ED005219AF /* InfoPlist.strings */; };
		151E40451946F2ED005219AF /* AlkemyDemoTests.m in Sources */ = {isa = PBXBuildFile; fileRef = 151E40441946F2ED005219AF /* AlkemyDemoTests.m */; };
		151E40721946F3F0005219AF /* AKAnimationController.m in Sources */ = {isa = PBXBuildFile; fileRef = 151E40521946F3EF005219AF /* AKAnimationController.m */; };
		151E40731946F3F0005219AF /* AKModalAnimationController.m in Sources */ = {isa = PBXBuildFile; fileRef = 151E40541946F3F0005219AF /* AKModalAnimationController.m */; };
		151E40741946F3F0005219AF /* AKNavigationAnimationController.m in Sources */ = {isa = PBXBuildFile; fileRef = 151E40561946F3F0005219AF /* AKNavigationAnimationController.m */; };
		151E40751946F3F0005219AF /* AKTabAnimationController.m in Sources */ = {isa = PBXBuildFile; fileRef = 151E40581946F3F0005219AF /* AKTabAnimationController.m */; };
		151E40761946F3F0005219AF /* AKDynamicLoadHelper.m in Sources */ = {isa = PBXBuildFile; fileRef = 151E405B1946F3F0005219AF /* AKDynamicLoadHelper.m */; };
		151E40771946F3F0005219AF /* AKForkViewController.m in Sources */ = {isa = PBXBuildFile; fileRef = 151E405E1946F3F0005219AF /* AKForkViewController.m */; };
		151E40781946F3F0005219AF /* AKHighlightableCollectionCell.m in Sources */ = {isa = PBXBuildFile; fileRef = 151E40611946F3F0005219AF /* AKHighlightableCollectionCell.m */; };
		151E40791946F3F0005219AF /* AKHighlightableTableCell.m in Sources */ = {isa = PBXBuildFile; fileRef = 151E40631946F3F0005219AF /* AKHighlightableTableCell.m */; };
		151E407A1946F3F0005219AF /* AKInteractionController.m in Sources */ = {isa = PBXBuildFile; fileRef = 151E40661946F3F0005219AF /* AKInteractionController.m */; };
		151E407B1946F3F0005219AF /* AKModalInteractionController.m in Sources */ = {isa = PBXBuildFile; fileRef = 151E40681946F3F0005219AF /* AKModalInteractionController.m */; };
		151E407C1946F3F0005219AF /* AKTabInteractionController.m in Sources */ = {isa = PBXBuildFile; fileRef = 151E406A1946F3F0005219AF /* AKTabInteractionController.m */; };
		151E407D1946F3F0005219AF /* AKSimpleWebViewController.m in Sources */ = {isa = PBXBuildFile; fileRef = 151E406D1946F3F0005219AF /* AKSimpleWebViewController.m */; };
		151E407E1946F3F0005219AF /* AKSwitchButton.m in Sources */ = {isa = PBXBuildFile; fileRef = 151E40701946F3F0005219AF /* AKSwitchButton.m */; };
		151E40931946F480005219AF /* AFHTTPRequestOperation.m in Sources */ = {isa = PBXBuildFile; fileRef = 151E40811946F480005219AF /* AFHTTPRequestOperation.m */; };
		151E40941946F480005219AF /* AFHTTPRequestOperationManager.m in Sources */ = {isa = PBXBuildFile; fileRef = 151E40831946F480005219AF /* AFHTTPRequestOperationManager.m */; };
		151E40951946F480005219AF /* AFHTTPSessionManager.m in Sources */ = {isa = PBXBuildFile; fileRef = 151E40851946F480005219AF /* AFHTTPSessionManager.m */; };
		151E40961946F480005219AF /* AFNetworkReachabilityManager.m in Sources */ = {isa = PBXBuildFile; fileRef = 151E40881946F480005219AF /* AFNetworkReachabilityManager.m */; };
		151E40971946F480005219AF /* AFSecurityPolicy.m in Sources */ = {isa = PBXBuildFile; fileRef = 151E408A1946F480005219AF /* AFSecurityPolicy.m */; };
		151E40981946F480005219AF /* AFURLConnectionOperation.m in Sources */ = {isa = PBXBuildFile; fileRef = 151E408C1946F480005219AF /* AFURLConnectionOperation.m */; };
		151E40991946F480005219AF /* AFURLRequestSerialization.m in Sources */ = {isa = PBXBuildFile; fileRef = 151E408E1946F480005219AF /* AFURLRequestSerialization.m */; };
		151E409A1946F480005219AF /* AFURLResponseSerialization.m in Sources */ = {isa = PBXBuildFile; fileRef = 151E40901946F480005219AF /* AFURLResponseSerialization.m */; };
		151E409B1946F480005219AF /* AFURLSessionManager.m in Sources */ = {isa = PBXBuildFile; fileRef = 151E40921946F480005219AF /* AFURLSessionManager.m */; };
/* End PBXBuildFile section */

/* Begin PBXContainerItemProxy section */
		151E403C1946F2ED005219AF /* PBXContainerItemProxy */ = {
			isa = PBXContainerItemProxy;
			containerPortal = 151E400B1946F2ED005219AF /* Project object */;
			proxyType = 1;
			remoteGlobalIDString = 151E40121946F2ED005219AF;
			remoteInfo = AlkemyDemo;
		};
/* End PBXContainerItemProxy section */

/* Begin PBXFileReference section */
		151E40131946F2ED005219AF /* AlkemyDemo.app */ = {isa = PBXFileReference; explicitFileType = wrapper.application; includeInIndex = 0; path = AlkemyDemo.app; sourceTree = BUILT_PRODUCTS_DIR; };
		151E40161946F2ED005219AF /* Foundation.framework */ = {isa = PBXFileReference; lastKnownFileType = wrapper.framework; name = Foundation.framework; path = System/Library/Frameworks/Foundation.framework; sourceTree = SDKROOT; };
		151E40181946F2ED005219AF /* CoreGraphics.framework */ = {isa = PBXFileReference; lastKnownFileType = wrapper.framework; name = CoreGraphics.framework; path = System/Library/Frameworks/CoreGraphics.framework; sourceTree = SDKROOT; };
		151E401A1946F2ED005219AF /* UIKit.framework */ = {isa = PBXFileReference; lastKnownFileType = wrapper.framework; name = UIKit.framework; path = System/Library/Frameworks/UIKit.framework; sourceTree = SDKROOT; };
		151E401E1946F2ED005219AF /* AlkemyDemo-Info.plist */ = {isa = PBXFileReference; lastKnownFileType = text.plist.xml; path = "AlkemyDemo-Info.plist"; sourceTree = "<group>"; };
		151E40201946F2ED005219AF /* en */ = {isa = PBXFileReference; lastKnownFileType = text.plist.strings; name = en; path = en.lproj/InfoPlist.strings; sourceTree = "<group>"; };
		151E40221946F2ED005219AF /* main.m */ = {isa = PBXFileReference; lastKnownFileType = sourcecode.c.objc; path = main.m; sourceTree = "<group>"; };
		151E40241946F2ED005219AF /* AlkemyDemo-Prefix.pch */ = {isa = PBXFileReference; lastKnownFileType = sourcecode.c.h; path = "AlkemyDemo-Prefix.pch"; sourceTree = "<group>"; };
		151E40251946F2ED005219AF /* AppDelegate.h */ = {isa = PBXFileReference; lastKnownFileType = sourcecode.c.h; path = AppDelegate.h; sourceTree = "<group>"; };
		151E40261946F2ED005219AF /* AppDelegate.m */ = {isa = PBXFileReference; lastKnownFileType = sourcecode.c.objc; path = AppDelegate.m; sourceTree = "<group>"; };
		151E40291946F2ED005219AF /* Base */ = {isa = PBXFileReference; lastKnownFileType = file.storyboard; name = Base; path = Base.lproj/Main_iPhone.storyboard; sourceTree = "<group>"; };
		151E402C1946F2ED005219AF /* Base */ = {isa = PBXFileReference; lastKnownFileType = file.storyboard; name = Base; path = Base.lproj/Main_iPad.storyboard; sourceTree = "<group>"; };
		151E402E1946F2ED005219AF /* ViewController.h */ = {isa = PBXFileReference; lastKnownFileType = sourcecode.c.h; path = ViewController.h; sourceTree = "<group>"; };
		151E402F1946F2ED005219AF /* ViewController.m */ = {isa = PBXFileReference; lastKnownFileType = sourcecode.c.objc; path = ViewController.m; sourceTree = "<group>"; };
		151E40311946F2ED005219AF /* Images.xcassets */ = {isa = PBXFileReference; lastKnownFileType = folder.assetcatalog; path = Images.xcassets; sourceTree = "<group>"; };
		151E40371946F2ED005219AF /* AlkemyDemoTests.xctest */ = {isa = PBXFileReference; explicitFileType = wrapper.cfbundle; includeInIndex = 0; path = AlkemyDemoTests.xctest; sourceTree = BUILT_PRODUCTS_DIR; };
		151E40381946F2ED005219AF /* XCTest.framework */ = {isa = PBXFileReference; lastKnownFileType = wrapper.framework; name = XCTest.framework; path = Library/Frameworks/XCTest.framework; sourceTree = DEVELOPER_DIR; };
		151E40401946F2ED005219AF /* AlkemyDemoTests-Info.plist */ = {isa = PBXFileReference; lastKnownFileType = text.plist.xml; path = "AlkemyDemoTests-Info.plist"; sourceTree = "<group>"; };
		151E40421946F2ED005219AF /* en */ = {isa = PBXFileReference; lastKnownFileType = text.plist.strings; name = en; path = en.lproj/InfoPlist.strings; sourceTree = "<group>"; };
		151E40441946F2ED005219AF /* AlkemyDemoTests.m */ = {isa = PBXFileReference; lastKnownFileType = sourcecode.c.objc; path = AlkemyDemoTests.m; sourceTree = "<group>"; };
		151E40511946F3EF005219AF /* AKAnimationController.h */ = {isa = PBXFileReference; fileEncoding = 4; lastKnownFileType = sourcecode.c.h; path = AKAnimationController.h; sourceTree = "<group>"; };
		151E40521946F3EF005219AF /* AKAnimationController.m */ = {isa = PBXFileReference; fileEncoding = 4; lastKnownFileType = sourcecode.c.objc; path = AKAnimationController.m; sourceTree = "<group>"; };
		151E40531946F3F0005219AF /* AKModalAnimationController.h */ = {isa = PBXFileReference; fileEncoding = 4; lastKnownFileType = sourcecode.c.h; path = AKModalAnimationController.h; sourceTree = "<group>"; };
		151E40541946F3F0005219AF /* AKModalAnimationController.m */ = {isa = PBXFileReference; fileEncoding = 4; lastKnownFileType = sourcecode.c.objc; path = AKModalAnimationController.m; sourceTree = "<group>"; };
		151E40551946F3F0005219AF /* AKNavigationAnimationController.h */ = {isa = PBXFileReference; fileEncoding = 4; lastKnownFileType = sourcecode.c.h; path = AKNavigationAnimationController.h; sourceTree = "<group>"; };
		151E40561946F3F0005219AF /* AKNavigationAnimationController.m */ = {isa = PBXFileReference; fileEncoding = 4; lastKnownFileType = sourcecode.c.objc; path = AKNavigationAnimationController.m; sourceTree = "<group>"; };
		151E40571946F3F0005219AF /* AKTabAnimationController.h */ = {isa = PBXFileReference; fileEncoding = 4; lastKnownFileType = sourcecode.c.h; path = AKTabAnimationController.h; sourceTree = "<group>"; };
		151E40581946F3F0005219AF /* AKTabAnimationController.m */ = {isa = PBXFileReference; fileEncoding = 4; lastKnownFileType = sourcecode.c.objc; path = AKTabAnimationController.m; sourceTree = "<group>"; };
		151E405A1946F3F0005219AF /* AKDynamicLoadHelper.h */ = {isa = PBXFileReference; fileEncoding = 4; lastKnownFileType = sourcecode.c.h; path = AKDynamicLoadHelper.h; sourceTree = "<group>"; };
		151E405B1946F3F0005219AF /* AKDynamicLoadHelper.m */ = {isa = PBXFileReference; fileEncoding = 4; lastKnownFileType = sourcecode.c.objc; path = AKDynamicLoadHelper.m; sourceTree = "<group>"; };
		151E405D1946F3F0005219AF /* AKForkViewController.h */ = {isa = PBXFileReference; fileEncoding = 4; lastKnownFileType = sourcecode.c.h; path = AKForkViewController.h; sourceTree = "<group>"; };
		151E405E1946F3F0005219AF /* AKForkViewController.m */ = {isa = PBXFileReference; fileEncoding = 4; lastKnownFileType = sourcecode.c.objc; path = AKForkViewController.m; sourceTree = "<group>"; };
		151E40601946F3F0005219AF /* AKHighlightableCollectionCell.h */ = {isa = PBXFileReference; fileEncoding = 4; lastKnownFileType = sourcecode.c.h; path = AKHighlightableCollectionCell.h; sourceTree = "<group>"; };
		151E40611946F3F0005219AF /* AKHighlightableCollectionCell.m */ = {isa = PBXFileReference; fileEncoding = 4; lastKnownFileType = sourcecode.c.objc; path = AKHighlightableCollectionCell.m; sourceTree = "<group>"; };
		151E40621946F3F0005219AF /* AKHighlightableTableCell.h */ = {isa = PBXFileReference; fileEncoding = 4; lastKnownFileType = sourcecode.c.h; path = AKHighlightableTableCell.h; sourceTree = "<group>"; };
		151E40631946F3F0005219AF /* AKHighlightableTableCell.m */ = {isa = PBXFileReference; fileEncoding = 4; lastKnownFileType = sourcecode.c.objc; path = AKHighlightableTableCell.m; sourceTree = "<group>"; };
		151E40651946F3F0005219AF /* AKInteractionController.h */ = {isa = PBXFileReference; fileEncoding = 4; lastKnownFileType = sourcecode.c.h; path = AKInteractionController.h; sourceTree = "<group>"; };
		151E40661946F3F0005219AF /* AKInteractionController.m */ = {isa = PBXFileReference; fileEncoding = 4; lastKnownFileType = sourcecode.c.objc; path = AKInteractionController.m; sourceTree = "<group>"; };
		151E40671946F3F0005219AF /* AKModalInteractionController.h */ = {isa = PBXFileReference; fileEncoding = 4; lastKnownFileType = sourcecode.c.h; path = AKModalInteractionController.h; sourceTree = "<group>"; };
		151E40681946F3F0005219AF /* AKModalInteractionController.m */ = {isa = PBXFileReference; fileEncoding = 4; lastKnownFileType = sourcecode.c.objc; path = AKModalInteractionController.m; sourceTree = "<group>"; };
		151E40691946F3F0005219AF /* AKTabInteractionController.h */ = {isa = PBXFileReference; fileEncoding = 4; lastKnownFileType = sourcecode.c.h; path = AKTabInteractionController.h; sourceTree = "<group>"; };
		151E406A1946F3F0005219AF /* AKTabInteractionController.m */ = {isa = PBXFileReference; fileEncoding = 4; lastKnownFileType = sourcecode.c.objc; path = AKTabInteractionController.m; sourceTree = "<group>"; };
		151E406C1946F3F0005219AF /* AKSimpleWebViewController.h */ = {isa = PBXFileReference; fileEncoding = 4; lastKnownFileType = sourcecode.c.h; path = AKSimpleWebViewController.h; sourceTree = "<group>"; };
		151E406D1946F3F0005219AF /* AKSimpleWebViewController.m */ = {isa = PBXFileReference; fileEncoding = 4; lastKnownFileType = sourcecode.c.objc; path = AKSimpleWebViewController.m; sourceTree = "<group>"; };
		151E406F1946F3F0005219AF /* AKSwitchButton.h */ = {isa = PBXFileReference; fileEncoding = 4; lastKnownFileType = sourcecode.c.h; path = AKSwitchButton.h; sourceTree = "<group>"; };
		151E40701946F3F0005219AF /* AKSwitchButton.m */ = {isa = PBXFileReference; fileEncoding = 4; lastKnownFileType = sourcecode.c.objc; path = AKSwitchButton.m; sourceTree = "<group>"; };
		151E40801946F480005219AF /* AFHTTPRequestOperation.h */ = {isa = PBXFileReference; fileEncoding = 4; lastKnownFileType = sourcecode.c.h; path = AFHTTPRequestOperation.h; sourceTree = "<group>"; };
		151E40811946F480005219AF /* AFHTTPRequestOperation.m */ = {isa = PBXFileReference; fileEncoding = 4; lastKnownFileType = sourcecode.c.objc; path = AFHTTPRequestOperation.m; sourceTree = "<group>"; };
		151E40821946F480005219AF /* AFHTTPRequestOperationManager.h */ = {isa = PBXFileReference; fileEncoding = 4; lastKnownFileType = sourcecode.c.h; path = AFHTTPRequestOperationManager.h; sourceTree = "<group>"; };
		151E40831946F480005219AF /* AFHTTPRequestOperationManager.m */ = {isa = PBXFileReference; fileEncoding = 4; lastKnownFileType = sourcecode.c.objc; path = AFHTTPRequestOperationManager.m; sourceTree = "<group>"; };
		151E40841946F480005219AF /* AFHTTPSessionManager.h */ = {isa = PBXFileReference; fileEncoding = 4; lastKnownFileType = sourcecode.c.h; path = AFHTTPSessionManager.h; sourceTree = "<group>"; };
		151E40851946F480005219AF /* AFHTTPSessionManager.m */ = {isa = PBXFileReference; fileEncoding = 4; lastKnownFileType = sourcecode.c.objc; path = AFHTTPSessionManager.m; sourceTree = "<group>"; };
		151E40861946F480005219AF /* AFNetworking.h */ = {isa = PBXFileReference; fileEncoding = 4; lastKnownFileType = sourcecode.c.h; path = AFNetworking.h; sourceTree = "<group>"; };
		151E40871946F480005219AF /* AFNetworkReachabilityManager.h */ = {isa = PBXFileReference; fileEncoding = 4; lastKnownFileType = sourcecode.c.h; path = AFNetworkReachabilityManager.h; sourceTree = "<group>"; };
		151E40881946F480005219AF /* AFNetworkReachabilityManager.m */ = {isa = PBXFileReference; fileEncoding = 4; lastKnownFileType = sourcecode.c.objc; path = AFNetworkReachabilityManager.m; sourceTree = "<group>"; };
		151E40891946F480005219AF /* AFSecurityPolicy.h */ = {isa = PBXFileReference; fileEncoding = 4; lastKnownFileType = sourcecode.c.h; path = AFSecurityPolicy.h; sourceTree = "<group>"; };
		151E408A1946F480005219AF /* AFSecurityPolicy.m */ = {isa = PBXFileReference; fileEncoding = 4; lastKnownFileType = sourcecode.c.objc; path = AFSecurityPolicy.m; sourceTree = "<group>"; };
		151E408B1946F480005219AF /* AFURLConnectionOperation.h */ = {isa = PBXFileReference; fileEncoding = 4; lastKnownFileType = sourcecode.c.h; path = AFURLConnectionOperation.h; sourceTree = "<group>"; };
		151E408C1946F480005219AF /* AFURLConnectionOperation.m */ = {isa = PBXFileReference; fileEncoding = 4; lastKnownFileType = sourcecode.c.objc; path = AFURLConnectionOperation.m; sourceTree = "<group>"; };
		151E408D1946F480005219AF /* AFURLRequestSerialization.h */ = {isa = PBXFileReference; fileEncoding = 4; lastKnownFileType = sourcecode.c.h; path = AFURLRequestSerialization.h; sourceTree = "<group>"; };
		151E408E1946F480005219AF /* AFURLRequestSerialization.m */ = {isa = PBXFileReference; fileEncoding = 4; lastKnownFileType = sourcecode.c.objc; path = AFURLRequestSerialization.m; sourceTree = "<group>"; };
		151E408F1946F480005219AF /* AFURLResponseSerialization.h */ = {isa = PBXFileReference; fileEncoding = 4; lastKnownFileType = sourcecode.c.h; path = AFURLResponseSerialization.h; sourceTree = "<group>"; };
		151E40901946F480005219AF /* AFURLResponseSerialization.m */ = {isa = PBXFileReference; fileEncoding = 4; lastKnownFileType = sourcecode.c.objc; path = AFURLResponseSerialization.m; sourceTree = "<group>"; };
		151E40911946F480005219AF /* AFURLSessionManager.h */ = {isa = PBXFileReference; fileEncoding = 4; lastKnownFileType = sourcecode.c.h; path = AFURLSessionManager.h; sourceTree = "<group>"; };
		151E40921946F480005219AF /* AFURLSessionManager.m */ = {isa = PBXFileReference; fileEncoding = 4; lastKnownFileType = sourcecode.c.objc; path = AFURLSessionManager.m; sourceTree = "<group>"; };
/* End PBXFileReference section */

/* Begin PBXFrameworksBuildPhase section */
		151E40101946F2ED005219AF /* Frameworks */ = {
			isa = PBXFrameworksBuildPhase;
			buildActionMask = 2147483647;
			files = (
				151E40191946F2ED005219AF /* CoreGraphics.framework in Frameworks */,
				151E401B1946F2ED005219AF /* UIKit.framework in Frameworks */,
				151E40171946F2ED005219AF /* Foundation.framework in Frameworks */,
			);
			runOnlyForDeploymentPostprocessing = 0;
		};
		151E40341946F2ED005219AF /* Frameworks */ = {
			isa = PBXFrameworksBuildPhase;
			buildActionMask = 2147483647;
			files = (
				151E40391946F2ED005219AF /* XCTest.framework in Frameworks */,
				151E403B1946F2ED005219AF /* UIKit.framework in Frameworks */,
				151E403A1946F2ED005219AF /* Foundation.framework in Frameworks */,
			);
			runOnlyForDeploymentPostprocessing = 0;
		};
/* End PBXFrameworksBuildPhase section */

/* Begin PBXGroup section */
		151E400A1946F2ED005219AF = {
			isa = PBXGroup;
			children = (
				151E407F1946F480005219AF /* AFNetworking */,
				151E404E1946F3EF005219AF /* Alkemy */,
				151E401C1946F2ED005219AF /* AlkemyDemo */,
				151E403E1946F2ED005219AF /* AlkemyDemoTests */,
				151E40151946F2ED005219AF /* Frameworks */,
				151E40141946F2ED005219AF /* Products */,
			);
			sourceTree = "<group>";
		};
		151E40141946F2ED005219AF /* Products */ = {
			isa = PBXGroup;
			children = (
				151E40131946F2ED005219AF /* AlkemyDemo.app */,
				151E40371946F2ED005219AF /* AlkemyDemoTests.xctest */,
			);
			name = Products;
			sourceTree = "<group>";
		};
		151E40151946F2ED005219AF /* Frameworks */ = {
			isa = PBXGroup;
			children = (
				151E40161946F2ED005219AF /* Foundation.framework */,
				151E40181946F2ED005219AF /* CoreGraphics.framework */,
				151E401A1946F2ED005219AF /* UIKit.framework */,
				151E40381946F2ED005219AF /* XCTest.framework */,
			);
			name = Frameworks;
			sourceTree = "<group>";
		};
		151E401C1946F2ED005219AF /* AlkemyDemo */ = {
			isa = PBXGroup;
			children = (
				151E40251946F2ED005219AF /* AppDelegate.h */,
				151E40261946F2ED005219AF /* AppDelegate.m */,
				151E40281946F2ED005219AF /* Main_iPhone.storyboard */,
				151E402B1946F2ED005219AF /* Main_iPad.storyboard */,
				151E402E1946F2ED005219AF /* ViewController.h */,
				151E402F1946F2ED005219AF /* ViewController.m */,
				151E40311946F2ED005219AF /* Images.xcassets */,
				151E401D1946F2ED005219AF /* Supporting Files */,
			);
			path = AlkemyDemo;
			sourceTree = "<group>";
		};
		151E401D1946F2ED005219AF /* Supporting Files */ = {
			isa = PBXGroup;
			children = (
				151E401E1946F2ED005219AF /* AlkemyDemo-Info.plist */,
				151E401F1946F2ED005219AF /* InfoPlist.strings */,
				151E40221946F2ED005219AF /* main.m */,
				151E40241946F2ED005219AF /* AlkemyDemo-Prefix.pch */,
			);
			name = "Supporting Files";
			sourceTree = "<group>";
		};
		151E403E1946F2ED005219AF /* AlkemyDemoTests */ = {
			isa = PBXGroup;
			children = (
				151E40441946F2ED005219AF /* AlkemyDemoTests.m */,
				151E403F1946F2ED005219AF /* Supporting Files */,
			);
			path = AlkemyDemoTests;
			sourceTree = "<group>";
		};
		151E403F1946F2ED005219AF /* Supporting Files */ = {
			isa = PBXGroup;
			children = (
				151E40401946F2ED005219AF /* AlkemyDemoTests-Info.plist */,
				151E40411946F2ED005219AF /* InfoPlist.strings */,
			);
			name = "Supporting Files";
			sourceTree = "<group>";
		};
		151E404E1946F3EF005219AF /* Alkemy */ = {
			isa = PBXGroup;
			children = (
				151E40501946F3EF005219AF /* AKAnimationController */,
				151E40591946F3F0005219AF /* AKDynamicLoadHelper */,
				151E405C1946F3F0005219AF /* AKForkViewController */,
				151E405F1946F3F0005219AF /* AKHighlightableCell */,
				151E40641946F3F0005219AF /* AKInteractionController */,
				151E406B1946F3F0005219AF /* AKSimpleWebViewController */,
				151E406E1946F3F0005219AF /* AKSwitchButton */,
			);
			name = Alkemy;
			path = ../Alkemy;
			sourceTree = "<group>";
		};
		151E40501946F3EF005219AF /* AKAnimationController */ = {
			isa = PBXGroup;
			children = (
				151E40511946F3EF005219AF /* AKAnimationController.h */,
				151E40521946F3EF005219AF /* AKAnimationController.m */,
				151E40531946F3F0005219AF /* AKModalAnimationController.h */,
				151E40541946F3F0005219AF /* AKModalAnimationController.m */,
				151E40551946F3F0005219AF /* AKNavigationAnimationController.h */,
				151E40561946F3F0005219AF /* AKNavigationAnimationController.m */,
				151E40571946F3F0005219AF /* AKTabAnimationController.h */,
				151E40581946F3F0005219AF /* AKTabAnimationController.m */,
			);
			path = AKAnimationController;
			sourceTree = "<group>";
		};
		151E40591946F3F0005219AF /* AKDynamicLoadHelper */ = {
			isa = PBXGroup;
			children = (
				151E405A1946F3F0005219AF /* AKDynamicLoadHelper.h */,
				151E405B1946F3F0005219AF /* AKDynamicLoadHelper.m */,
			);
			path = AKDynamicLoadHelper;
			sourceTree = "<group>";
		};
		151E405C1946F3F0005219AF /* AKForkViewController */ = {
			isa = PBXGroup;
			children = (
				151E405D1946F3F0005219AF /* AKForkViewController.h */,
				151E405E1946F3F0005219AF /* AKForkViewController.m */,
			);
			path = AKForkViewController;
			sourceTree = "<group>";
		};
		151E405F1946F3F0005219AF /* AKHighlightableCell */ = {
			isa = PBXGroup;
			children = (
				151E40601946F3F0005219AF /* AKHighlightableCollectionCell.h */,
				151E40611946F3F0005219AF /* AKHighlightableCollectionCell.m */,
				151E40621946F3F0005219AF /* AKHighlightableTableCell.h */,
				151E40631946F3F0005219AF /* AKHighlightableTableCell.m */,
			);
			path = AKHighlightableCell;
			sourceTree = "<group>";
		};
		151E40641946F3F0005219AF /* AKInteractionController */ = {
			isa = PBXGroup;
			children = (
				151E40651946F3F0005219AF /* AKInteractionController.h */,
				151E40661946F3F0005219AF /* AKInteractionController.m */,
				151E40671946F3F0005219AF /* AKModalInteractionController.h */,
				151E40681946F3F0005219AF /* AKModalInteractionController.m */,
				151E40691946F3F0005219AF /* AKTabInteractionController.h */,
				151E406A1946F3F0005219AF /* AKTabInteractionController.m */,
			);
			path = AKInteractionController;
			sourceTree = "<group>";
		};
		151E406B1946F3F0005219AF /* AKSimpleWebViewController */ = {
			isa = PBXGroup;
			children = (
				151E406C1946F3F0005219AF /* AKSimpleWebViewController.h */,
				151E406D1946F3F0005219AF /* AKSimpleWebViewController.m */,
			);
			path = AKSimpleWebViewController;
			sourceTree = "<group>";
		};
		151E406E1946F3F0005219AF /* AKSwitchButton */ = {
			isa = PBXGroup;
			children = (
				151E406F1946F3F0005219AF /* AKSwitchButton.h */,
				151E40701946F3F0005219AF /* AKSwitchButton.m */,
			);
			path = AKSwitchButton;
			sourceTree = "<group>";
		};
		151E407F1946F480005219AF /* AFNetworking */ = {
			isa = PBXGroup;
			children = (
				151E40801946F480005219AF /* AFHTTPRequestOperation.h */,
				151E40811946F480005219AF /* AFHTTPRequestOperation.m */,
				151E40821946F480005219AF /* AFHTTPRequestOperationManager.h */,
				151E40831946F480005219AF /* AFHTTPRequestOperationManager.m */,
				151E40841946F480005219AF /* AFHTTPSessionManager.h */,
				151E40851946F480005219AF /* AFHTTPSessionManager.m */,
				151E40861946F480005219AF /* AFNetworking.h */,
				151E40871946F480005219AF /* AFNetworkReachabilityManager.h */,
				151E40881946F480005219AF /* AFNetworkReachabilityManager.m */,
				151E40891946F480005219AF /* AFSecurityPolicy.h */,
				151E408A1946F480005219AF /* AFSecurityPolicy.m */,
				151E408B1946F480005219AF /* AFURLConnectionOperation.h */,
				151E408C1946F480005219AF /* AFURLConnectionOperation.m */,
				151E408D1946F480005219AF /* AFURLRequestSerialization.h */,
				151E408E1946F480005219AF /* AFURLRequestSerialization.m */,
				151E408F1946F480005219AF /* AFURLResponseSerialization.h */,
				151E40901946F480005219AF /* AFURLResponseSerialization.m */,
				151E40911946F480005219AF /* AFURLSessionManager.h */,
				151E40921946F480005219AF /* AFURLSessionManager.m */,
			);
			name = AFNetworking;
			path = ../AFNetworking/AFNetworking;
			sourceTree = "<group>";
		};
/* End PBXGroup section */

/* Begin PBXNativeTarget section */
		151E40121946F2ED005219AF /* AlkemyDemo */ = {
			isa = PBXNativeTarget;
			buildConfigurationList = 151E40481946F2ED005219AF /* Build configuration list for PBXNativeTarget "AlkemyDemo" */;
			buildPhases = (
				151E400F1946F2ED005219AF /* Sources */,
				151E40101946F2ED005219AF /* Frameworks */,
				151E40111946F2ED005219AF /* Resources */,
			);
			buildRules = (
			);
			dependencies = (
			);
			name = AlkemyDemo;
			productName = AlkemyDemo;
			productReference = 151E40131946F2ED005219AF /* AlkemyDemo.app */;
			productType = "com.apple.product-type.application";
		};
		151E40361946F2ED005219AF /* AlkemyDemoTests */ = {
			isa = PBXNativeTarget;
			buildConfigurationList = 151E404B1946F2ED005219AF /* Build configuration list for PBXNativeTarget "AlkemyDemoTests" */;
			buildPhases = (
				151E40331946F2ED005219AF /* Sources */,
				151E40341946F2ED005219AF /* Frameworks */,
				151E40351946F2ED005219AF /* Resources */,
			);
			buildRules = (
			);
			dependencies = (
				151E403D1946F2ED005219AF /* PBXTargetDependency */,
			);
			name = AlkemyDemoTests;
			productName = AlkemyDemoTests;
			productReference = 151E40371946F2ED005219AF /* AlkemyDemoTests.xctest */;
			productType = "com.apple.product-type.bundle.unit-test";
		};
/* End PBXNativeTarget section */

/* Begin PBXProject section */
		151E400B1946F2ED005219AF /* Project object */ = {
			isa = PBXProject;
			attributes = {
				LastUpgradeCheck = 0510;
				ORGANIZATIONNAME = TomokiNakamaru;
				TargetAttributes = {
					151E40361946F2ED005219AF = {
						TestTargetID = 151E40121946F2ED005219AF;
					};
				};
			};
			buildConfigurationList = 151E400E1946F2ED005219AF /* Build configuration list for PBXProject "AlkemyDemo" */;
			compatibilityVersion = "Xcode 3.2";
			developmentRegion = English;
			hasScannedForEncodings = 0;
			knownRegions = (
				en,
				Base,
			);
			mainGroup = 151E400A1946F2ED005219AF;
			productRefGroup = 151E40141946F2ED005219AF /* Products */;
			projectDirPath = "";
			projectRoot = "";
			targets = (
				151E40121946F2ED005219AF /* AlkemyDemo */,
				151E40361946F2ED005219AF /* AlkemyDemoTests */,
			);
		};
/* End PBXProject section */

/* Begin PBXResourcesBuildPhase section */
		151E40111946F2ED005219AF /* Resources */ = {
			isa = PBXResourcesBuildPhase;
			buildActionMask = 2147483647;
			files = (
				151E402D1946F2ED005219AF /* Main_iPad.storyboard in Resources */,
				151E40321946F2ED005219AF /* Images.xcassets in Resources */,
				151E402A1946F2ED005219AF /* Main_iPhone.storyboard in Resources */,
				151E40211946F2ED005219AF /* InfoPlist.strings in Resources */,
			);
			runOnlyForDeploymentPostprocessing = 0;
		};
		151E40351946F2ED005219AF /* Resources */ = {
			isa = PBXResourcesBuildPhase;
			buildActionMask = 2147483647;
			files = (
				151E40431946F2ED005219AF /* InfoPlist.strings in Resources */,
			);
			runOnlyForDeploymentPostprocessing = 0;
		};
/* End PBXResourcesBuildPhase section */

/* Begin PBXSourcesBuildPhase section */
		151E400F1946F2ED005219AF /* Sources */ = {
			isa = PBXSourcesBuildPhase;
			buildActionMask = 2147483647;
			files = (
				151E409B1946F480005219AF /* AFURLSessionManager.m in Sources */,
				151E40981946F480005219AF /* AFURLConnectionOperation.m in Sources */,
				151E407A1946F3F0005219AF /* AKInteractionController.m in Sources */,
				151E40951946F480005219AF /* AFHTTPSessionManager.m in Sources */,
				151E40961946F480005219AF /* AFNetworkReachabilityManager.m in Sources */,
				151E40741946F3F0005219AF /* AKNavigationAnimationController.m in Sources */,
				151E407C1946F3F0005219AF /* AKTabInteractionController.m in Sources */,
				151E40761946F3F0005219AF /* AKDynamicLoadHelper.m in Sources */,
				151E407D1946F3F0005219AF /* AKSimpleWebViewController.m in Sources */,
				151E40971946F480005219AF /* AFSecurityPolicy.m in Sources */,
				151E407E1946F3F0005219AF /* AKSwitchButton.m in Sources */,
				151E40781946F3F0005219AF /* AKHighlightableCollectionCell.m in Sources */,
				151E40731946F3F0005219AF /* AKModalAnimationController.m in Sources */,
				151E40941946F480005219AF /* AFHTTPRequestOperationManager.m in Sources */,
				151E407B1946F3F0005219AF /* AKModalInteractionController.m in Sources */,
				151E40791946F3F0005219AF /* AKHighlightableTableCell.m in Sources */,
				151E40751946F3F0005219AF /* AKTabAnimationController.m in Sources */,
				151E40301946F2ED005219AF /* ViewController.m in Sources */,
				151E40271946F2ED005219AF /* AppDelegate.m in Sources */,
				151E40721946F3F0005219AF /* AKAnimationController.m in Sources */,
				151E40771946F3F0005219AF /* AKForkViewController.m in Sources */,
				151E40991946F480005219AF /* AFURLRequestSerialization.m in Sources */,
				151E40931946F480005219AF /* AFHTTPRequestOperation.m in Sources */,
				151E409A1946F480005219AF /* AFURLResponseSerialization.m in Sources */,
				151E40231946F2ED005219AF /* main.m in Sources */,
			);
			runOnlyForDeploymentPostprocessing = 0;
		};
		151E40331946F2ED005219AF /* Sources */ = {
			isa = PBXSourcesBuildPhase;
			buildActionMask = 2147483647;
			files = (
				151E40451946F2ED005219AF /* AlkemyDemoTests.m in Sources */,
			);
			runOnlyForDeploymentPostprocessing = 0;
		};
/* End PBXSourcesBuildPhase section */

/* Begin PBXTargetDependency section */
		151E403D1946F2ED005219AF /* PBXTargetDependency */ = {
			isa = PBXTargetDependency;
			target = 151E40121946F2ED005219AF /* AlkemyDemo */;
			targetProxy = 151E403C1946F2ED005219AF /* PBXContainerItemProxy */;
		};
/* End PBXTargetDependency section */

/* Begin PBXVariantGroup section */
		151E401F1946F2ED005219AF /* InfoPlist.strings */ = {
			isa = PBXVariantGroup;
			children = (
				151E40201946F2ED005219AF /* en */,
			);
			name = InfoPlist.strings;
			sourceTree = "<group>";
		};
		151E40281946F2ED005219AF /* Main_iPhone.storyboard */ = {
			isa = PBXVariantGroup;
			children = (
				151E40291946F2ED005219AF /* Base */,
			);
			name = Main_iPhone.storyboard;
			sourceTree = "<group>";
		};
		151E402B1946F2ED005219AF /* Main_iPad.storyboard */ = {
			isa = PBXVariantGroup;
			children = (
				151E402C1946F2ED005219AF /* Base */,
			);
			name = Main_iPad.storyboard;
			sourceTree = "<group>";
		};
		151E40411946F2ED005219AF /* InfoPlist.strings */ = {
			isa = PBXVariantGroup;
			children = (
				151E40421946F2ED005219AF /* en */,
			);
			name = InfoPlist.strings;
			sourceTree = "<group>";
		};
/* End PBXVariantGroup section */

/* Begin XCBuildConfiguration section */
		151E40461946F2ED005219AF /* Debug */ = {
			isa = XCBuildConfiguration;
			buildSettings = {
				ALWAYS_SEARCH_USER_PATHS = NO;
				CLANG_CXX_LANGUAGE_STANDARD = "gnu++0x";
				CLANG_CXX_LIBRARY = "libc++";
				CLANG_ENABLE_MODULES = YES;
				CLANG_ENABLE_OBJC_ARC = YES;
				CLANG_WARN_BOOL_CONVERSION = YES;
				CLANG_WARN_CONSTANT_CONVERSION = YES;
				CLANG_WARN_DIRECT_OBJC_ISA_USAGE = YES_ERROR;
				CLANG_WARN_EMPTY_BODY = YES;
				CLANG_WARN_ENUM_CONVERSION = YES;
				CLANG_WARN_INT_CONVERSION = YES;
				CLANG_WARN_OBJC_ROOT_CLASS = YES_ERROR;
				CLANG_WARN__DUPLICATE_METHOD_MATCH = YES;
				"CODE_SIGN_IDENTITY[sdk=iphoneos*]" = "iPhone Developer";
				COPY_PHASE_STRIP = NO;
				GCC_C_LANGUAGE_STANDARD = gnu99;
				GCC_DYNAMIC_NO_PIC = NO;
				GCC_OPTIMIZATION_LEVEL = 0;
				GCC_PREPROCESSOR_DEFINITIONS = (
					"DEBUG=1",
					"$(inherited)",
				);
				GCC_SYMBOLS_PRIVATE_EXTERN = NO;
				GCC_WARN_64_TO_32_BIT_CONVERSION = YES;
				GCC_WARN_ABOUT_RETURN_TYPE = YES_ERROR;
				GCC_WARN_UNDECLARED_SELECTOR = YES;
				GCC_WARN_UNINITIALIZED_AUTOS = YES_AGGRESSIVE;
				GCC_WARN_UNUSED_FUNCTION = YES;
				GCC_WARN_UNUSED_VARIABLE = YES;
				IPHONEOS_DEPLOYMENT_TARGET = 7.1;
				ONLY_ACTIVE_ARCH = YES;
				SDKROOT = iphoneos;
				TARGETED_DEVICE_FAMILY = "1,2";
			};
			name = Debug;
		};
		151E40471946F2ED005219AF /* Release */ = {
			isa = XCBuildConfiguration;
			buildSettings = {
				ALWAYS_SEARCH_USER_PATHS = NO;
				CLANG_CXX_LANGUAGE_STANDARD = "gnu++0x";
				CLANG_CXX_LIBRARY = "libc++";
				CLANG_ENABLE_MODULES = YES;
				CLANG_ENABLE_OBJC_ARC = YES;
				CLANG_WARN_BOOL_CONVERSION = YES;
				CLANG_WARN_CONSTANT_CONVERSION = YES;
				CLANG_WARN_DIRECT_OBJC_ISA_USAGE = YES_ERROR;
				CLANG_WARN_EMPTY_BODY = YES;
				CLANG_WARN_ENUM_CONVERSION = YES;
				CLANG_WARN_INT_CONVERSION = YES;
				CLANG_WARN_OBJC_ROOT_CLASS = YES_ERROR;
				CLANG_WARN__DUPLICATE_METHOD_MATCH = YES;
				"CODE_SIGN_IDENTITY[sdk=iphoneos*]" = "iPhone Developer";
				COPY_PHASE_STRIP = YES;
				ENABLE_NS_ASSERTIONS = NO;
				GCC_C_LANGUAGE_STANDARD = gnu99;
				GCC_WARN_64_TO_32_BIT_CONVERSION = YES;
				GCC_WARN_ABOUT_RETURN_TYPE = YES_ERROR;
				GCC_WARN_UNDECLARED_SELECTOR = YES;
				GCC_WARN_UNINITIALIZED_AUTOS = YES_AGGRESSIVE;
				GCC_WARN_UNUSED_FUNCTION = YES;
				GCC_WARN_UNUSED_VARIABLE = YES;
				IPHONEOS_DEPLOYMENT_TARGET = 7.1;
				SDKROOT = iphoneos;
				TARGETED_DEVICE_FAMILY = "1,2";
				VALIDATE_PRODUCT = YES;
			};
			name = Release;
		};
		151E40491946F2ED005219AF /* Debug */ = {
			isa = XCBuildConfiguration;
			buildSettings = {
				ASSETCATALOG_COMPILER_APPICON_NAME = AppIcon;
				ASSETCATALOG_COMPILER_LAUNCHIMAGE_NAME = LaunchImage;
				GCC_PRECOMPILE_PREFIX_HEADER = YES;
				GCC_PREFIX_HEADER = "AlkemyDemo/AlkemyDemo-Prefix.pch";
				INFOPLIST_FILE = "AlkemyDemo/AlkemyDemo-Info.plist";
				PRODUCT_NAME = "$(TARGET_NAME)";
				WRAPPER_EXTENSION = app;
			};
			name = Debug;
		};
		151E404A1946F2ED005219AF /* Release */ = {
			isa = XCBuildConfiguration;
			buildSettings = {
				ASSETCATALOG_COMPILER_APPICON_NAME = AppIcon;
				ASSETCATALOG_COMPILER_LAUNCHIMAGE_NAME = LaunchImage;
				GCC_PRECOMPILE_PREFIX_HEADER = YES;
				GCC_PREFIX_HEADER = "AlkemyDemo/AlkemyDemo-Prefix.pch";
				INFOPLIST_FILE = "AlkemyDemo/AlkemyDemo-Info.plist";
				PRODUCT_NAME = "$(TARGET_NAME)";
				WRAPPER_EXTENSION = app;
			};
			name = Release;
		};
		151E404C1946F2ED005219AF /* Debug */ = {
			isa = XCBuildConfiguration;
			buildSettings = {
				BUNDLE_LOADER = "$(BUILT_PRODUCTS_DIR)/AlkemyDemo.app/AlkemyDemo";
				FRAMEWORK_SEARCH_PATHS = (
					"$(SDKROOT)/Developer/Library/Frameworks",
					"$(inherited)",
					"$(DEVELOPER_FRAMEWORKS_DIR)",
				);
				GCC_PRECOMPILE_PREFIX_HEADER = YES;
				GCC_PREFIX_HEADER = "AlkemyDemo/AlkemyDemo-Prefix.pch";
				GCC_PREPROCESSOR_DEFINITIONS = (
					"DEBUG=1",
					"$(inherited)",
				);
				INFOPLIST_FILE = "AlkemyDemoTests/AlkemyDemoTests-Info.plist";
				PRODUCT_NAME = "$(TARGET_NAME)";
				TEST_HOST = "$(BUNDLE_LOADER)";
				WRAPPER_EXTENSION = xctest;
			};
			name = Debug;
		};
		151E404D1946F2ED005219AF /* Release */ = {
			isa = XCBuildConfiguration;
			buildSettings = {
				BUNDLE_LOADER = "$(BUILT_PRODUCTS_DIR)/AlkemyDemo.app/AlkemyDemo";
				FRAMEWORK_SEARCH_PATHS = (
					"$(SDKROOT)/Developer/Library/Frameworks",
					"$(inherited)",
					"$(DEVELOPER_FRAMEWORKS_DIR)",
				);
				GCC_PRECOMPILE_PREFIX_HEADER = YES;
				GCC_PREFIX_HEADER = "AlkemyDemo/AlkemyDemo-Prefix.pch";
				INFOPLIST_FILE = "AlkemyDemoTests/AlkemyDemoTests-Info.plist";
				PRODUCT_NAME = "$(TARGET_NAME)";
				TEST_HOST = "$(BUNDLE_LOADER)";
				WRAPPER_EXTENSION = xctest;
			};
			name = Release;
		};
/* End XCBuildConfiguration section */

/* Begin XCConfigurationList section */
		151E400E1946F2ED005219AF /* Build configuration list for PBXProject "AlkemyDemo" */ = {
			isa = XCConfigurationList;
			buildConfigurations = (
				151E40461946F2ED005219AF /* Debug */,
				151E40471946F2ED005219AF /* Release */,
			);
			defaultConfigurationIsVisible = 0;
			defaultConfigurationName = Release;
		};
		151E40481946F2ED005219AF /* Build configuration list for PBXNativeTarget "AlkemyDemo" */ = {
			isa = XCConfigurationList;
			buildConfigurations = (
				151E40491946F2ED005219AF /* Debug */,
				151E404A1946F2ED005219AF /* Release */,
			);
			defaultConfigurationIsVisible = 0;
			defaultConfigurationName = Release;
		};
		151E404B1946F2ED005219AF /* Build configuration list for PBXNativeTarget "AlkemyDemoTests" */ = {
			isa = XCConfigurationList;
			buildConfigurations = (
				151E404C1946F2ED005219AF /* Debug */,
				151E404D1946F2ED005219AF /* Release */,
			);
			defaultConfigurationIsVisible = 0;
			defaultConfigurationName = Release;
		};
/* End XCConfigurationList section */
	};
	rootObject = 151E400B1946F2ED005219AF /* Project object */;
}
